
Microsoft Visual Studio Solution File, Format Version 12.00
# Visual Studio Version 16
VisualStudioVersion = 16.0.30011.22
MinimumVisualStudioVersion = 10.0.40219.1
Project("{FAE04EC0-301F-11D3-BF4B-00C04F79EFBC}") = "App", "App\App.csproj", "{FEC12E9D-EE2E-4042-B3E8-ED9EF02E9B6B}"
EndProject
Project("{FAE04EC0-301F-11D3-BF4B-00C04F79EFBC}") = "Entidade", "Entidade\Entidade.csproj", "{006C54E8-BDC1-4DAB-A4AF-A0572DE1CE1B}"
EndProject
Project("{FAE04EC0-301F-11D3-BF4B-00C04F79EFBC}") = "Persistencia", "Persistencia\Persistencia.csproj", "{66C89FEC-F690-43E1-A47F-DB9EDC3D6FC4}"
EndProject
Project("{FAE04EC0-301F-11D3-BF4B-00C04F79EFBC}") = "Negocio", "Negocio\Negocio.csproj", "{BDBA37FE-7695-4E5C-A498-59FBDEE28597}"
EndProject
Global
	GlobalSection(SolutionConfigurationPlatforms) = preSolution
		Debug|Any CPU = Debug|Any CPU
		Debug|Mixed Platforms = Debug|Mixed Platforms
		Debug|x86 = Debug|x86
		Release|Any CPU = Release|Any CPU
		Release|Mixed Platforms = Release|Mixed Platforms
		Release|x86 = Release|x86
	EndGlobalSection
	GlobalSection(ProjectConfigurationPlatforms) = postSolution
		{FEC12E9D-EE2E-4042-B3E8-ED9EF02E9B6B}.Debug|Any CPU.ActiveCfg = Debug|x86
		{FEC12E9D-EE2E-4042-B3E8-ED9EF02E9B6B}.Debug|Any CPU.Build.0 = Debug|x86
		{FEC12E9D-EE2E-4042-B3E8-ED9EF02E9B6B}.Debug|Any CPU.Deploy.0 = Debug|x86
		{FEC12E9D-EE2E-4042-B3E8-ED9EF02E9B6B}.Debug|Mixed Platforms.ActiveCfg = Debug|x86
		{FEC12E9D-EE2E-4042-B3E8-ED9EF02E9B6B}.Debug|Mixed Platforms.Build.0 = Debug|x86
		{FEC12E9D-EE2E-4042-B3E8-ED9EF02E9B6B}.Debug|x86.ActiveCfg = Debug|x86
		{FEC12E9D-EE2E-4042-B3E8-ED9EF02E9B6B}.Debug|x86.Build.0 = Debug|x86
		{FEC12E9D-EE2E-4042-B3E8-ED9EF02E9B6B}.Release|Any CPU.ActiveCfg = Release|x86
		{FEC12E9D-EE2E-4042-B3E8-ED9EF02E9B6B}.Release|Any CPU.Build.0 = Release|x86
		{FEC12E9D-EE2E-4042-B3E8-ED9EF02E9B6B}.Release|Mixed Platforms.ActiveCfg = Release|x86
		{FEC12E9D-EE2E-4042-B3E8-ED9EF02E9B6B}.Release|Mixed Platforms.Build.0 = Release|x86
		{FEC12E9D-EE2E-4042-B3E8-ED9EF02E9B6B}.Release|x86.ActiveCfg = Release|x86
		{FEC12E9D-EE2E-4042-B3E8-ED9EF02E9B6B}.Release|x86.Build.0 = Release|x86
		{006C54E8-BDC1-4DAB-A4AF-A0572DE1CE1B}.Debug|Any CPU.ActiveCfg = Debug|Any CPU
		{006C54E8-BDC1-4DAB-A4AF-A0572DE1CE1B}.Debug|Any CPU.Build.0 = Debug|Any CPU
		{006C54E8-BDC1-4DAB-A4AF-A0572DE1CE1B}.Debug|Mixed Platforms.ActiveCfg = Debug|Any CPU
		{006C54E8-BDC1-4DAB-A4AF-A0572DE1CE1B}.Debug|Mixed Platforms.Build.0 = Debug|Any CPU
		{006C54E8-BDC1-4DAB-A4AF-A0572DE1CE1B}.Debug|x86.ActiveCfg = Debug|Any CPU
		{006C54E8-BDC1-4DAB-A4AF-A0572DE1CE1B}.Debug|x86.Build.0 = Debug|Any CPU
		{006C54E8-BDC1-4DAB-A4AF-A0572DE1CE1B}.Release|Any CPU.ActiveCfg = Release|Any CPU
		{006C54E8-BDC1-4DAB-A4AF-A0572DE1CE1B}.Release|Any CPU.Build.0 = Release|Any CPU
		{006C54E8-BDC1-4DAB-A4AF-A0572DE1CE1B}.Release|Any CPU.Deploy.0 = Release|Any CPU
		{006C54E8-BDC1-4DAB-A4AF-A0572DE1CE1B}.Release|Mixed Platforms.ActiveCfg = Release|Any CPU
		{006C54E8-BDC1-4DAB-A4AF-A0572DE1CE1B}.Release|Mixed Platforms.Build.0 = Release|Any CPU
		{006C54E8-BDC1-4DAB-A4AF-A0572DE1CE1B}.Release|x86.ActiveCfg = Release|Any CPU
		{66C89FEC-F690-43E1-A47F-DB9EDC3D6FC4}.Debug|Any CPU.ActiveCfg = Debug|Any CPU
		{66C89FEC-F690-43E1-A47F-DB9EDC3D6FC4}.Debug|Any CPU.Build.0 = Debug|Any CPU
		{66C89FEC-F690-43E1-A47F-DB9EDC3D6FC4}.Debug|Mixed Platforms.ActiveCfg = Debug|Any CPU
		{66C89FEC-F690-43E1-A47F-DB9EDC3D6FC4}.Debug|Mixed Platforms.Build.0 = Debug|Any CPU
		{66C89FEC-F690-43E1-A47F-DB9EDC3D6FC4}.Debug|x86.ActiveCfg = Debug|Any CPU
		{66C89FEC-F690-43E1-A47F-DB9EDC3D6FC4}.Debug|x86.Build.0 = Debug|Any CPU
		{66C89FEC-F690-43E1-A47F-DB9EDC3D6FC4}.Release|Any CPU.ActiveCfg = Release|Any CPU
		{66C89FEC-F690-43E1-A47F-DB9EDC3D6FC4}.Release|Any CPU.Build.0 = Release|Any CPU
		{66C89FEC-F690-43E1-A47F-DB9EDC3D6FC4}.Release|Mixed Platforms.ActiveCfg = Release|Any CPU
		{66C89FEC-F690-43E1-A47F-DB9EDC3D6FC4}.Release|Mixed Platforms.Build.0 = Release|Any CPU
		{66C89FEC-F690-43E1-A47F-DB9EDC3D6FC4}.Release|x86.ActiveCfg = Release|Any CPU
		{BDBA37FE-7695-4E5C-A498-59FBDEE28597}.Debug|Any CPU.ActiveCfg = Debug|Any CPU
		{BDBA37FE-7695-4E5C-A498-59FBDEE28597}.Debug|Any CPU.Build.0 = Debug|Any CPU
		{BDBA37FE-7695-4E5C-A498-59FBDEE28597}.Debug|Mixed Platforms.ActiveCfg = Debug|Any CPU
		{BDBA37FE-7695-4E5C-A498-59FBDEE28597}.Debug|Mixed Platforms.Build.0 = Debug|Any CPU
		{BDBA37FE-7695-4E5C-A498-59FBDEE28597}.Debug|x86.ActiveCfg = Debug|Any CPU
		{BDBA37FE-7695-4E5C-A498-59FBDEE28597}.Debug|x86.Build.0 = Debug|Any CPU
		{BDBA37FE-7695-4E5C-A498-59FBDEE28597}.Release|Any CPU.ActiveCfg = Release|Any CPU
		{BDBA37FE-7695-4E5C-A498-59FBDEE28597}.Release|Any CPU.Build.0 = Release|Any CPU
		{BDBA37FE-7695-4E5C-A498-59FBDEE28597}.Release|Mixed Platforms.ActiveCfg = Release|Any CPU
		{BDBA37FE-7695-4E5C-A498-59FBDEE28597}.Release|Mixed Platforms.Build.0 = Release|Any CPU
		{BDBA37FE-7695-4E5C-A498-59FBDEE28597}.Release|x86.ActiveCfg = Release|Any CPU
	EndGlobalSection
	GlobalSection(SolutionProperties) = preSolution
		HideSolutionNode = FALSE
	EndGlobalSection
	GlobalSection(ExtensibilityGlobals) = postSolution
		SolutionGuid = {218904AA-0704-4542-B1FC-A922E4D16B86}
	EndGlobalSection
EndGlobal
