
Microsoft Visual Studio Solution File, Format Version 12.00
# Visual Studio Version 17
VisualStudioVersion = 17.0.31903.59
MinimumVisualStudioVersion = 10.0.40219.1
Project("{2150E333-8FDC-42A3-9474-1A3956D46DE8}") = "src", "src", "{827E0CD3-B72D-47B6-A68D-7590B98EB39B}"
EndProject
Project("{FAE04EC0-301F-11D3-BF4B-00C04F79EFBC}") = "SisConf.Domain", "src\SisConf.Domain\SisConf.Domain.csproj", "{D9800FDC-567D-487F-9DD0-63DB43731466}"
EndProject
Project("{FAE04EC0-301F-11D3-BF4B-00C04F79EFBC}") = "SisConf.Application", "src\SisConf.Application\SisConf.Application.csproj", "{13B747A9-2B0C-4870-9FBB-4BC1E7122390}"
EndProject
Project("{FAE04EC0-301F-11D3-BF4B-00C04F79EFBC}") = "SisConf.Infrastructure", "src\SisConf.Infrastructure\SisConf.Infrastructure.csproj", "{155957A8-C4BD-4DD2-9CA6-B16A961A8F07}"
EndProject
Project("{FAE04EC0-301F-11D3-BF4B-00C04F79EFBC}") = "SisConf.Api", "src\SisConf.Api\SisConf.Api.csproj", "{AC261216-9CD1-4982-9825-6B0151C00E1E}"
EndProject
Project("{FAE04EC0-301F-11D3-BF4B-00C04F79EFBC}") = "SisConf.Workers", "src\SisConf.Workers\SisConf.Workers.csproj", "{FD53033C-3027-43CE-91F5-F5F3447D6A50}"
EndProject
Project("{FAE04EC0-301F-11D3-BF4B-00C04F79EFBC}") = "SisConf.Tests", "tests\SisConf.Tests\SisConf.Tests.csproj", "{55812CB4-A895-41F8-B960-011CFD78821A}"
EndProject
Global
	GlobalSection(SolutionConfigurationPlatforms) = preSolution
		Debug|Any CPU = Debug|Any CPU
		Debug|x64 = Debug|x64
		Debug|x86 = Debug|x86
		Release|Any CPU = Release|Any CPU
		Release|x64 = Release|x64
		Release|x86 = Release|x86
	EndGlobalSection
	GlobalSection(ProjectConfigurationPlatforms) = postSolution
		{D9800FDC-567D-487F-9DD0-63DB43731466}.Debug|Any CPU.ActiveCfg = Debug|Any CPU
		{D9800FDC-567D-487F-9DD0-63DB43731466}.Debug|Any CPU.Build.0 = Debug|Any CPU
		{D9800FDC-567D-487F-9DD0-63DB43731466}.Debug|x64.ActiveCfg = Debug|Any CPU
		{D9800FDC-567D-487F-9DD0-63DB43731466}.Debug|x64.Build.0 = Debug|Any CPU
		{D9800FDC-567D-487F-9DD0-63DB43731466}.Debug|x86.ActiveCfg = Debug|Any CPU
		{D9800FDC-567D-487F-9DD0-63DB43731466}.Debug|x86.Build.0 = Debug|Any CPU
		{D9800FDC-567D-487F-9DD0-63DB43731466}.Release|Any CPU.ActiveCfg = Release|Any CPU
		{D9800FDC-567D-487F-9DD0-63DB43731466}.Release|Any CPU.Build.0 = Release|Any CPU
		{D9800FDC-567D-487F-9DD0-63DB43731466}.Release|x64.ActiveCfg = Release|Any CPU
		{D9800FDC-567D-487F-9DD0-63DB43731466}.Release|x64.Build.0 = Release|Any CPU
		{D9800FDC-567D-487F-9DD0-63DB43731466}.Release|x86.ActiveCfg = Release|Any CPU
		{D9800FDC-567D-487F-9DD0-63DB43731466}.Release|x86.Build.0 = Release|Any CPU
		{13B747A9-2B0C-4870-9FBB-4BC1E7122390}.Debug|Any CPU.ActiveCfg = Debug|Any CPU
		{13B747A9-2B0C-4870-9FBB-4BC1E7122390}.Debug|Any CPU.Build.0 = Debug|Any CPU
		{13B747A9-2B0C-4870-9FBB-4BC1E7122390}.Debug|x64.ActiveCfg = Debug|Any CPU
		{13B747A9-2B0C-4870-9FBB-4BC1E7122390}.Debug|x64.Build.0 = Debug|Any CPU
		{13B747A9-2B0C-4870-9FBB-4BC1E7122390}.Debug|x86.ActiveCfg = Debug|Any CPU
		{13B747A9-2B0C-4870-9FBB-4BC1E7122390}.Debug|x86.Build.0 = Debug|Any CPU
		{13B747A9-2B0C-4870-9FBB-4BC1E7122390}.Release|Any CPU.ActiveCfg = Release|Any CPU
		{13B747A9-2B0C-4870-9FBB-4BC1E7122390}.Release|Any CPU.Build.0 = Release|Any CPU
		{13B747A9-2B0C-4870-9FBB-4BC1E7122390}.Release|x64.ActiveCfg = Release|Any CPU
		{13B747A9-2B0C-4870-9FBB-4BC1E7122390}.Release|x64.Build.0 = Release|Any CPU
		{13B747A9-2B0C-4870-9FBB-4BC1E7122390}.Release|x86.ActiveCfg = Release|Any CPU
		{13B747A9-2B0C-4870-9FBB-4BC1E7122390}.Release|x86.Build.0 = Release|Any CPU
		{155957A8-C4BD-4DD2-9CA6-B16A961A8F07}.Debug|Any CPU.ActiveCfg = Debug|Any CPU
		{155957A8-C4BD-4DD2-9CA6-B16A961A8F07}.Debug|Any CPU.Build.0 = Debug|Any CPU
		{155957A8-C4BD-4DD2-9CA6-B16A961A8F07}.Debug|x64.ActiveCfg = Debug|Any CPU
		{155957A8-C4BD-4DD2-9CA6-B16A961A8F07}.Debug|x64.Build.0 = Debug|Any CPU
		{155957A8-C4BD-4DD2-9CA6-B16A961A8F07}.Debug|x86.ActiveCfg = Debug|Any CPU
		{155957A8-C4BD-4DD2-9CA6-B16A961A8F07}.Debug|x86.Build.0 = Debug|Any CPU
		{155957A8-C4BD-4DD2-9CA6-B16A961A8F07}.Release|Any CPU.ActiveCfg = Release|Any CPU
		{155957A8-C4BD-4DD2-9CA6-B16A961A8F07}.Release|Any CPU.Build.0 = Release|Any CPU
		{155957A8-C4BD-4DD2-9CA6-B16A961A8F07}.Release|x64.ActiveCfg = Release|Any CPU
		{155957A8-C4BD-4DD2-9CA6-B16A961A8F07}.Release|x64.Build.0 = Release|Any CPU
		{155957A8-C4BD-4DD2-9CA6-B16A961A8F07}.Release|x86.ActiveCfg = Release|Any CPU
		{155957A8-C4BD-4DD2-9CA6-B16A961A8F07}.Release|x86.Build.0 = Release|Any CPU
		{AC261216-9CD1-4982-9825-6B0151C00E1E}.Debug|Any CPU.ActiveCfg = Debug|Any CPU
		{AC261216-9CD1-4982-9825-6B0151C00E1E}.Debug|Any CPU.Build.0 = Debug|Any CPU
		{AC261216-9CD1-4982-9825-6B0151C00E1E}.Debug|x64.ActiveCfg = Debug|Any CPU
		{AC261216-9CD1-4982-9825-6B0151C00E1E}.Debug|x64.Build.0 = Debug|Any CPU
		{AC261216-9CD1-4982-9825-6B0151C00E1E}.Debug|x86.ActiveCfg = Debug|Any CPU
		{AC261216-9CD1-4982-9825-6B0151C00E1E}.Debug|x86.Build.0 = Debug|Any CPU
		{AC261216-9CD1-4982-9825-6B0151C00E1E}.Release|Any CPU.ActiveCfg = Release|Any CPU
		{AC261216-9CD1-4982-9825-6B0151C00E1E}.Release|Any CPU.Build.0 = Release|Any CPU
		{AC261216-9CD1-4982-9825-6B0151C00E1E}.Release|x64.ActiveCfg = Release|Any CPU
		{AC261216-9CD1-4982-9825-6B0151C00E1E}.Release|x64.Build.0 = Release|Any CPU
		{AC261216-9CD1-4982-9825-6B0151C00E1E}.Release|x86.ActiveCfg = Release|Any CPU
		{AC261216-9CD1-4982-9825-6B0151C00E1E}.Release|x86.Build.0 = Release|Any CPU
		{FD53033C-3027-43CE-91F5-F5F3447D6A50}.Debug|Any CPU.ActiveCfg = Debug|Any CPU
		{FD53033C-3027-43CE-91F5-F5F3447D6A50}.Debug|Any CPU.Build.0 = Debug|Any CPU
		{FD53033C-3027-43CE-91F5-F5F3447D6A50}.Debug|x64.ActiveCfg = Debug|Any CPU
		{FD53033C-3027-43CE-91F5-F5F3447D6A50}.Debug|x64.Build.0 = Debug|Any CPU
		{FD53033C-3027-43CE-91F5-F5F3447D6A50}.Debug|x86.ActiveCfg = Debug|Any CPU
		{FD53033C-3027-43CE-91F5-F5F3447D6A50}.Debug|x86.Build.0 = Debug|Any CPU
		{FD53033C-3027-43CE-91F5-F5F3447D6A50}.Release|Any CPU.ActiveCfg = Release|Any CPU
		{FD53033C-3027-43CE-91F5-F5F3447D6A50}.Release|Any CPU.Build.0 = Release|Any CPU
		{FD53033C-3027-43CE-91F5-F5F3447D6A50}.Release|x64.ActiveCfg = Release|Any CPU
		{FD53033C-3027-43CE-91F5-F5F3447D6A50}.Release|x64.Build.0 = Release|Any CPU
		{FD53033C-3027-43CE-91F5-F5F3447D6A50}.Release|x86.ActiveCfg = Release|Any CPU
		{FD53033C-3027-43CE-91F5-F5F3447D6A50}.Release|x86.Build.0 = Release|Any CPU
		{55812CB4-A895-41F8-B960-011CFD78821A}.Debug|Any CPU.ActiveCfg = Debug|Any CPU
		{55812CB4-A895-41F8-B960-011CFD78821A}.Debug|Any CPU.Build.0 = Debug|Any CPU
		{55812CB4-A895-41F8-B960-011CFD78821A}.Debug|x64.ActiveCfg = Debug|Any CPU
		{55812CB4-A895-41F8-B960-011CFD78821A}.Debug|x64.Build.0 = Debug|Any CPU
		{55812CB4-A895-41F8-B960-011CFD78821A}.Debug|x86.ActiveCfg = Debug|Any CPU
		{55812CB4-A895-41F8-B960-011CFD78821A}.Debug|x86.Build.0 = Debug|Any CPU
		{55812CB4-A895-41F8-B960-011CFD78821A}.Release|Any CPU.ActiveCfg = Release|Any CPU
		{55812CB4-A895-41F8-B960-011CFD78821A}.Release|Any CPU.Build.0 = Release|Any CPU
		{55812CB4-A895-41F8-B960-011CFD78821A}.Release|x64.ActiveCfg = Release|Any CPU
		{55812CB4-A895-41F8-B960-011CFD78821A}.Release|x64.Build.0 = Release|Any CPU
		{55812CB4-A895-41F8-B960-011CFD78821A}.Release|x86.ActiveCfg = Release|Any CPU
		{55812CB4-A895-41F8-B960-011CFD78821A}.Release|x86.Build.0 = Release|Any CPU
	EndGlobalSection
	GlobalSection(SolutionProperties) = preSolution
		HideSolutionNode = FALSE
	EndGlobalSection
	GlobalSection(NestedProjects) = preSolution
		{D9800FDC-567D-487F-9DD0-63DB43731466} = {827E0CD3-B72D-47B6-A68D-7590B98EB39B}
		{13B747A9-2B0C-4870-9FBB-4BC1E7122390} = {827E0CD3-B72D-47B6-A68D-7590B98EB39B}
		{155957A8-C4BD-4DD2-9CA6-B16A961A8F07} = {827E0CD3-B72D-47B6-A68D-7590B98EB39B}
		{AC261216-9CD1-4982-9825-6B0151C00E1E} = {827E0CD3-B72D-47B6-A68D-7590B98EB39B}
		{FD53033C-3027-43CE-91F5-F5F3447D6A50} = {827E0CD3-B72D-47B6-A68D-7590B98EB39B}
		{55812CB4-A895-41F8-B960-011CFD78821A} = {827E0CD3-B72D-47B6-A68D-7590B98EB39B}
	EndGlobalSection
EndGlobal
